
Microsoft Visual Studio Solution File, Format Version 12.00
# Visual Studio Version 17
Project("{2150E333-8FDC-42A3-9474-1A3956D46DE8}") = "CMakePredefinedTargets", "CMakePredefinedTargets", "{D917D804-41CB-33E3-B75D-CA16FC5A96E9}"
EndProject
Project("{8BC9CEB8-8B4A-11D0-8D11-00A0C91BC942}") = "ALL_BUILD", "ALL_BUILD.vcxproj", "{E2A1D5D2-706C-3152-872E-DEC0E22D22D0}"
	ProjectSection(ProjectDependencies) = postProject
		{EBBA631C-5F2A-320C-B48B-1EFE563E8634} = {EBBA631C-5F2A-320C-B48B-1EFE563E8634}
		{A5FD6B53-DEA8-3614-BFB6-F5FCC1281DD3} = {A5FD6B53-DEA8-3614-BFB6-F5FCC1281DD3}
	EndProjectSection
EndProject
Project("{8BC9CEB8-8B4A-11D0-8D11-00A0C91BC942}") = "FAT", "FAT.vcxproj", "{EBBA631C-5F2A-320C-B48B-1EFE563E8634}"
	ProjectSection(ProjectDependencies) = postProject
		{A5FD6B53-DEA8-3614-BFB6-F5FCC1281DD3} = {A5FD6B53-DEA8-3614-BFB6-F5FCC1281DD3}
	EndProjectSection
EndProject
Project("{8BC9CEB8-8B4A-11D0-8D11-00A0C91BC942}") = "ZERO_CHECK", "ZERO_CHECK.vcxproj", "{A5FD6B53-DEA8-3614-BFB6-F5FCC1281DD3}"
	ProjectSection(ProjectDependencies) = postProject
	EndProjectSection
EndProject
Global
	GlobalSection(SolutionConfigurationPlatforms) = preSolution
		Debug|x64 = Debug|x64
		Release|x64 = Release|x64
		MinSizeRel|x64 = MinSizeRel|x64
		RelWithDebInfo|x64 = RelWithDebInfo|x64
	EndGlobalSection
	GlobalSection(ProjectConfigurationPlatforms) = postSolution
		{E2A1D5D2-706C-3152-872E-DEC0E22D22D0}.Debug|x64.ActiveCfg = Debug|x64
		{E2A1D5D2-706C-3152-872E-DEC0E22D22D0}.Release|x64.ActiveCfg = Release|x64
		{E2A1D5D2-706C-3152-872E-DEC0E22D22D0}.MinSizeRel|x64.ActiveCfg = MinSizeRel|x64
		{E2A1D5D2-706C-3152-872E-DEC0E22D22D0}.RelWithDebInfo|x64.ActiveCfg = RelWithDebInfo|x64
		{EBBA631C-5F2A-320C-B48B-1EFE563E8634}.Debug|x64.ActiveCfg = Debug|x64
		{EBBA631C-5F2A-320C-B48B-1EFE563E8634}.Debug|x64.Build.0 = Debug|x64
		{EBBA631C-5F2A-320C-B48B-1EFE563E8634}.Release|x64.ActiveCfg = Release|x64
		{EBBA631C-5F2A-320C-B48B-1EFE563E8634}.Release|x64.Build.0 = Release|x64
		{EBBA631C-5F2A-320C-B48B-1EFE563E8634}.MinSizeRel|x64.ActiveCfg = MinSizeRel|x64
		{EBBA631C-5F2A-320C-B48B-1EFE563E8634}.MinSizeRel|x64.Build.0 = MinSizeRel|x64
		{EBBA631C-5F2A-320C-B48B-1EFE563E8634}.RelWithDebInfo|x64.ActiveCfg = RelWithDebInfo|x64
		{EBBA631C-5F2A-320C-B48B-1EFE563E8634}.RelWithDebInfo|x64.Build.0 = RelWithDebInfo|x64
		{A5FD6B53-DEA8-3614-BFB6-F5FCC1281DD3}.Debug|x64.ActiveCfg = Debug|x64
		{A5FD6B53-DEA8-3614-BFB6-F5FCC1281DD3}.Debug|x64.Build.0 = Debug|x64
		{A5FD6B53-DEA8-3614-BFB6-F5FCC1281DD3}.Release|x64.ActiveCfg = Release|x64
		{A5FD6B53-DEA8-3614-BFB6-F5FCC1281DD3}.Release|x64.Build.0 = Release|x64
		{A5FD6B53-DEA8-3614-BFB6-F5FCC1281DD3}.MinSizeRel|x64.ActiveCfg = MinSizeRel|x64
		{A5FD6B53-DEA8-3614-BFB6-F5FCC1281DD3}.MinSizeRel|x64.Build.0 = MinSizeRel|x64
		{A5FD6B53-DEA8-3614-BFB6-F5FCC1281DD3}.RelWithDebInfo|x64.ActiveCfg = RelWithDebInfo|x64
		{A5FD6B53-DEA8-3614-BFB6-F5FCC1281DD3}.RelWithDebInfo|x64.Build.0 = RelWithDebInfo|x64
	EndGlobalSection
	GlobalSection(NestedProjects) = preSolution
		{E2A1D5D2-706C-3152-872E-DEC0E22D22D0} = {D917D804-41CB-33E3-B75D-CA16FC5A96E9}
		{A5FD6B53-DEA8-3614-BFB6-F5FCC1281DD3} = {D917D804-41CB-33E3-B75D-CA16FC5A96E9}
	EndGlobalSection
	GlobalSection(ExtensibilityGlobals) = postSolution
		SolutionGuid = {E73355DC-37CF-36E4-9E98-D86E939C5A48}
	EndGlobalSection
	GlobalSection(ExtensibilityAddIns) = postSolution
	EndGlobalSection
EndGlobal
